Microsoft Visual Studio Solution File, Format Version 12.00
# Visual Studio 15
Project("{8BC9CEB8-8B4A-11D0-8D11-00A0C91BC942}") = "ALL_BUILD", "ALL_BUILD.vcxproj", "{917E47DA-EC5C-34E7-ABD1-6B8A6E886B2A}"
	ProjectSection(ProjectDependencies) = postProject
		{2956112A-783A-332C-B030-BD43586496E9} = {2956112A-783A-332C-B030-BD43586496E9}
		{39873FE4-3469-30E0-95E2-39029BC4E780} = {39873FE4-3469-30E0-95E2-39029BC4E780}
	EndProjectSection
EndProject
Project("{8BC9CEB8-8B4A-11D0-8D11-00A0C91BC942}") = "DataStructuresAlgorithms", "DataStructuresAlgorithms.vcxproj", "{2956112A-783A-332C-B030-BD43586496E9}"
	ProjectSection(ProjectDependencies) = postProject
		{39873FE4-3469-30E0-95E2-39029BC4E780} = {39873FE4-3469-30E0-95E2-39029BC4E780}
	EndProjectSection
EndProject
Project("{8BC9CEB8-8B4A-11D0-8D11-00A0C91BC942}") = "ZERO_CHECK", "..\\ZERO_CHECK.vcxproj", "{39873FE4-3469-30E0-95E2-39029BC4E780}"
	ProjectSection(ProjectDependencies) = postProject
	EndProjectSection
EndProject
Global
	GlobalSection(SolutionConfigurationPlatforms) = preSolution
		Debug|x64 = Debug|x64
		Release|x64 = Release|x64
		MinSizeRel|x64 = MinSizeRel|x64
		RelWithDebInfo|x64 = RelWithDebInfo|x64
	EndGlobalSection
	GlobalSection(ProjectConfigurationPlatforms) = postSolution
		{917E47DA-EC5C-34E7-ABD1-6B8A6E886B2A}.Debug|x64.ActiveCfg = Debug|x64
		{917E47DA-EC5C-34E7-ABD1-6B8A6E886B2A}.Release|x64.ActiveCfg = Release|x64
		{917E47DA-EC5C-34E7-ABD1-6B8A6E886B2A}.MinSizeRel|x64.ActiveCfg = MinSizeRel|x64
		{917E47DA-EC5C-34E7-ABD1-6B8A6E886B2A}.RelWithDebInfo|x64.ActiveCfg = RelWithDebInfo|x64
		{2956112A-783A-332C-B030-BD43586496E9}.Debug|x64.ActiveCfg = Debug|x64
		{2956112A-783A-332C-B030-BD43586496E9}.Debug|x64.Build.0 = Debug|x64
		{2956112A-783A-332C-B030-BD43586496E9}.Release|x64.ActiveCfg = Release|x64
		{2956112A-783A-332C-B030-BD43586496E9}.Release|x64.Build.0 = Release|x64
		{2956112A-783A-332C-B030-BD43586496E9}.MinSizeRel|x64.ActiveCfg = MinSizeRel|x64
		{2956112A-783A-332C-B030-BD43586496E9}.MinSizeRel|x64.Build.0 = MinSizeRel|x64
		{2956112A-783A-332C-B030-BD43586496E9}.RelWithDebInfo|x64.ActiveCfg = RelWithDebInfo|x64
		{2956112A-783A-332C-B030-BD43586496E9}.RelWithDebInfo|x64.Build.0 = RelWithDebInfo|x64
		{39873FE4-3469-30E0-95E2-39029BC4E780}.Debug|x64.ActiveCfg = Debug|x64
		{39873FE4-3469-30E0-95E2-39029BC4E780}.Debug|x64.Build.0 = Debug|x64
		{39873FE4-3469-30E0-95E2-39029BC4E780}.Release|x64.ActiveCfg = Release|x64
		{39873FE4-3469-30E0-95E2-39029BC4E780}.Release|x64.Build.0 = Release|x64
		{39873FE4-3469-30E0-95E2-39029BC4E780}.MinSizeRel|x64.ActiveCfg = MinSizeRel|x64
		{39873FE4-3469-30E0-95E2-39029BC4E780}.MinSizeRel|x64.Build.0 = MinSizeRel|x64
		{39873FE4-3469-30E0-95E2-39029BC4E780}.RelWithDebInfo|x64.ActiveCfg = RelWithDebInfo|x64
		{39873FE4-3469-30E0-95E2-39029BC4E780}.RelWithDebInfo|x64.Build.0 = RelWithDebInfo|x64
	EndGlobalSection
	GlobalSection(ExtensibilityGlobals) = postSolution
		SolutionGuid = {CEB4C746-B07F-3BB2-8D0A-02A3A1F33CDF}
	EndGlobalSection
	GlobalSection(ExtensibilityAddIns) = postSolution
	EndGlobalSection
EndGlobal
