Microsoft Visual Studio Solution File, Format Version 12.00
# Visual Studio 15
Project("{8BC9CEB8-8B4A-11D0-8D11-00A0C91BC942}") = "ALL_BUILD", "ALL_BUILD.vcxproj", "{917E47DA-EC5C-34E7-ABD1-6B8A6E886B2A}"
	ProjectSection(ProjectDependencies) = postProject
		{200FDD3F-4F9E-39A4-9AE8-754F24AC8BF6} = {200FDD3F-4F9E-39A4-9AE8-754F24AC8BF6}
		{64AF5DA3-D72D-3F3F-80E4-5777191032AB} = {64AF5DA3-D72D-3F3F-80E4-5777191032AB}
		{9E6AB787-EF20-3D1A-B3C7-9B6476D30FA4} = {9E6AB787-EF20-3D1A-B3C7-9B6476D30FA4}
		{2956112A-783A-332C-B030-BD43586496E9} = {2956112A-783A-332C-B030-BD43586496E9}
		{DED4B315-1B43-3E46-8742-35E75EA5AB9A} = {DED4B315-1B43-3E46-8742-35E75EA5AB9A}
		{DD4C6029-1CC9-34BB-A56B-FC059E96D8F3} = {DD4C6029-1CC9-34BB-A56B-FC059E96D8F3}
		{58D60537-A4D7-3952-B134-CEC270DBFA1F} = {58D60537-A4D7-3952-B134-CEC270DBFA1F}
		{39873FE4-3469-30E0-95E2-39029BC4E780} = {39873FE4-3469-30E0-95E2-39029BC4E780}
	EndProjectSection
EndProject
Project("{8BC9CEB8-8B4A-11D0-8D11-00A0C91BC942}") = "BasicSyntax", "1_3_Basic_Cpp_Syntax\BasicSyntax.vcxproj", "{200FDD3F-4F9E-39A4-9AE8-754F24AC8BF6}"
	ProjectSection(ProjectDependencies) = postProject
		{39873FE4-3469-30E0-95E2-39029BC4E780} = {39873FE4-3469-30E0-95E2-39029BC4E780}
	EndProjectSection
EndProject
Project("{8BC9CEB8-8B4A-11D0-8D11-00A0C91BC942}") = "BooksLibrary", "5_Library_Management\BooksLibrary.vcxproj", "{64AF5DA3-D72D-3F3F-80E4-5777191032AB}"
	ProjectSection(ProjectDependencies) = postProject
		{39873FE4-3469-30E0-95E2-39029BC4E780} = {39873FE4-3469-30E0-95E2-39029BC4E780}
	EndProjectSection
EndProject
Project("{8BC9CEB8-8B4A-11D0-8D11-00A0C91BC942}") = "ClassesAndStructures", "4_Classes_Structures\ClassesAndStructures.vcxproj", "{9E6AB787-EF20-3D1A-B3C7-9B6476D30FA4}"
	ProjectSection(ProjectDependencies) = postProject
		{39873FE4-3469-30E0-95E2-39029BC4E780} = {39873FE4-3469-30E0-95E2-39029BC4E780}
	EndProjectSection
EndProject
Project("{8BC9CEB8-8B4A-11D0-8D11-00A0C91BC942}") = "DataStructuresAlgorithms", "3_Data_Algorithms\DataStructuresAlgorithms.vcxproj", "{2956112A-783A-332C-B030-BD43586496E9}"
	ProjectSection(ProjectDependencies) = postProject
		{39873FE4-3469-30E0-95E2-39029BC4E780} = {39873FE4-3469-30E0-95E2-39029BC4E780}
	EndProjectSection
EndProject
Project("{8BC9CEB8-8B4A-11D0-8D11-00A0C91BC942}") = "HelloQt5", "6_First_GUI\HelloQt5.vcxproj", "{DED4B315-1B43-3E46-8742-35E75EA5AB9A}"
	ProjectSection(ProjectDependencies) = postProject
		{39873FE4-3469-30E0-95E2-39029BC4E780} = {39873FE4-3469-30E0-95E2-39029BC4E780}
	EndProjectSection
EndProject
Project("{8BC9CEB8-8B4A-11D0-8D11-00A0C91BC942}") = "TextEditor", "7_Text_Editor\TextEditor.vcxproj", "{DD4C6029-1CC9-34BB-A56B-FC059E96D8F3}"
	ProjectSection(ProjectDependencies) = postProject
		{39873FE4-3469-30E0-95E2-39029BC4E780} = {39873FE4-3469-30E0-95E2-39029BC4E780}
	EndProjectSection
EndProject
Project("{8BC9CEB8-8B4A-11D0-8D11-00A0C91BC942}") = "VirtualDie", "2_Virtual_Die\VirtualDie.vcxproj", "{58D60537-A4D7-3952-B134-CEC270DBFA1F}"
	ProjectSection(ProjectDependencies) = postProject
		{39873FE4-3469-30E0-95E2-39029BC4E780} = {39873FE4-3469-30E0-95E2-39029BC4E780}
	EndProjectSection
EndProject
Project("{8BC9CEB8-8B4A-11D0-8D11-00A0C91BC942}") = "ZERO_CHECK", "ZERO_CHECK.vcxproj", "{39873FE4-3469-30E0-95E2-39029BC4E780}"
	ProjectSection(ProjectDependencies) = postProject
	EndProjectSection
EndProject
Global
	GlobalSection(SolutionConfigurationPlatforms) = preSolution
		Debug|x64 = Debug|x64
		Release|x64 = Release|x64
		MinSizeRel|x64 = MinSizeRel|x64
		RelWithDebInfo|x64 = RelWithDebInfo|x64
	EndGlobalSection
	GlobalSection(ProjectConfigurationPlatforms) = postSolution
		{917E47DA-EC5C-34E7-ABD1-6B8A6E886B2A}.Debug|x64.ActiveCfg = Debug|x64
		{917E47DA-EC5C-34E7-ABD1-6B8A6E886B2A}.Release|x64.ActiveCfg = Release|x64
		{917E47DA-EC5C-34E7-ABD1-6B8A6E886B2A}.MinSizeRel|x64.ActiveCfg = MinSizeRel|x64
		{917E47DA-EC5C-34E7-ABD1-6B8A6E886B2A}.RelWithDebInfo|x64.ActiveCfg = RelWithDebInfo|x64
		{200FDD3F-4F9E-39A4-9AE8-754F24AC8BF6}.Debug|x64.ActiveCfg = Debug|x64
		{200FDD3F-4F9E-39A4-9AE8-754F24AC8BF6}.Debug|x64.Build.0 = Debug|x64
		{200FDD3F-4F9E-39A4-9AE8-754F24AC8BF6}.Release|x64.ActiveCfg = Release|x64
		{200FDD3F-4F9E-39A4-9AE8-754F24AC8BF6}.Release|x64.Build.0 = Release|x64
		{200FDD3F-4F9E-39A4-9AE8-754F24AC8BF6}.MinSizeRel|x64.ActiveCfg = MinSizeRel|x64
		{200FDD3F-4F9E-39A4-9AE8-754F24AC8BF6}.MinSizeRel|x64.Build.0 = MinSizeRel|x64
		{200FDD3F-4F9E-39A4-9AE8-754F24AC8BF6}.RelWithDebInfo|x64.ActiveCfg = RelWithDebInfo|x64
		{200FDD3F-4F9E-39A4-9AE8-754F24AC8BF6}.RelWithDebInfo|x64.Build.0 = RelWithDebInfo|x64
		{64AF5DA3-D72D-3F3F-80E4-5777191032AB}.Debug|x64.ActiveCfg = Debug|x64
		{64AF5DA3-D72D-3F3F-80E4-5777191032AB}.Debug|x64.Build.0 = Debug|x64
		{64AF5DA3-D72D-3F3F-80E4-5777191032AB}.Release|x64.ActiveCfg = Release|x64
		{64AF5DA3-D72D-3F3F-80E4-5777191032AB}.Release|x64.Build.0 = Release|x64
		{64AF5DA3-D72D-3F3F-80E4-5777191032AB}.MinSizeRel|x64.ActiveCfg = MinSizeRel|x64
		{64AF5DA3-D72D-3F3F-80E4-5777191032AB}.MinSizeRel|x64.Build.0 = MinSizeRel|x64
		{64AF5DA3-D72D-3F3F-80E4-5777191032AB}.RelWithDebInfo|x64.ActiveCfg = RelWithDebInfo|x64
		{64AF5DA3-D72D-3F3F-80E4-5777191032AB}.RelWithDebInfo|x64.Build.0 = RelWithDebInfo|x64
		{9E6AB787-EF20-3D1A-B3C7-9B6476D30FA4}.Debug|x64.ActiveCfg = Debug|x64
		{9E6AB787-EF20-3D1A-B3C7-9B6476D30FA4}.Debug|x64.Build.0 = Debug|x64
		{9E6AB787-EF20-3D1A-B3C7-9B6476D30FA4}.Release|x64.ActiveCfg = Release|x64
		{9E6AB787-EF20-3D1A-B3C7-9B6476D30FA4}.Release|x64.Build.0 = Release|x64
		{9E6AB787-EF20-3D1A-B3C7-9B6476D30FA4}.MinSizeRel|x64.ActiveCfg = MinSizeRel|x64
		{9E6AB787-EF20-3D1A-B3C7-9B6476D30FA4}.MinSizeRel|x64.Build.0 = MinSizeRel|x64
		{9E6AB787-EF20-3D1A-B3C7-9B6476D30FA4}.RelWithDebInfo|x64.ActiveCfg = RelWithDebInfo|x64
		{9E6AB787-EF20-3D1A-B3C7-9B6476D30FA4}.RelWithDebInfo|x64.Build.0 = RelWithDebInfo|x64
		{2956112A-783A-332C-B030-BD43586496E9}.Debug|x64.ActiveCfg = Debug|x64
		{2956112A-783A-332C-B030-BD43586496E9}.Debug|x64.Build.0 = Debug|x64
		{2956112A-783A-332C-B030-BD43586496E9}.Release|x64.ActiveCfg = Release|x64
		{2956112A-783A-332C-B030-BD43586496E9}.Release|x64.Build.0 = Release|x64
		{2956112A-783A-332C-B030-BD43586496E9}.MinSizeRel|x64.ActiveCfg = MinSizeRel|x64
		{2956112A-783A-332C-B030-BD43586496E9}.MinSizeRel|x64.Build.0 = MinSizeRel|x64
		{2956112A-783A-332C-B030-BD43586496E9}.RelWithDebInfo|x64.ActiveCfg = RelWithDebInfo|x64
		{2956112A-783A-332C-B030-BD43586496E9}.RelWithDebInfo|x64.Build.0 = RelWithDebInfo|x64
		{DED4B315-1B43-3E46-8742-35E75EA5AB9A}.Debug|x64.ActiveCfg = Debug|x64
		{DED4B315-1B43-3E46-8742-35E75EA5AB9A}.Debug|x64.Build.0 = Debug|x64
		{DED4B315-1B43-3E46-8742-35E75EA5AB9A}.Release|x64.ActiveCfg = Release|x64
		{DED4B315-1B43-3E46-8742-35E75EA5AB9A}.Release|x64.Build.0 = Release|x64
		{DED4B315-1B43-3E46-8742-35E75EA5AB9A}.MinSizeRel|x64.ActiveCfg = MinSizeRel|x64
		{DED4B315-1B43-3E46-8742-35E75EA5AB9A}.MinSizeRel|x64.Build.0 = MinSizeRel|x64
		{DED4B315-1B43-3E46-8742-35E75EA5AB9A}.RelWithDebInfo|x64.ActiveCfg = RelWithDebInfo|x64
		{DED4B315-1B43-3E46-8742-35E75EA5AB9A}.RelWithDebInfo|x64.Build.0 = RelWithDebInfo|x64
		{DD4C6029-1CC9-34BB-A56B-FC059E96D8F3}.Debug|x64.ActiveCfg = Debug|x64
		{DD4C6029-1CC9-34BB-A56B-FC059E96D8F3}.Debug|x64.Build.0 = Debug|x64
		{DD4C6029-1CC9-34BB-A56B-FC059E96D8F3}.Release|x64.ActiveCfg = Release|x64
		{DD4C6029-1CC9-34BB-A56B-FC059E96D8F3}.Release|x64.Build.0 = Release|x64
		{DD4C6029-1CC9-34BB-A56B-FC059E96D8F3}.MinSizeRel|x64.ActiveCfg = MinSizeRel|x64
		{DD4C6029-1CC9-34BB-A56B-FC059E96D8F3}.MinSizeRel|x64.Build.0 = MinSizeRel|x64
		{DD4C6029-1CC9-34BB-A56B-FC059E96D8F3}.RelWithDebInfo|x64.ActiveCfg = RelWithDebInfo|x64
		{DD4C6029-1CC9-34BB-A56B-FC059E96D8F3}.RelWithDebInfo|x64.Build.0 = RelWithDebInfo|x64
		{58D60537-A4D7-3952-B134-CEC270DBFA1F}.Debug|x64.ActiveCfg = Debug|x64
		{58D60537-A4D7-3952-B134-CEC270DBFA1F}.Debug|x64.Build.0 = Debug|x64
		{58D60537-A4D7-3952-B134-CEC270DBFA1F}.Release|x64.ActiveCfg = Release|x64
		{58D60537-A4D7-3952-B134-CEC270DBFA1F}.Release|x64.Build.0 = Release|x64
		{58D60537-A4D7-3952-B134-CEC270DBFA1F}.MinSizeRel|x64.ActiveCfg = MinSizeRel|x64
		{58D60537-A4D7-3952-B134-CEC270DBFA1F}.MinSizeRel|x64.Build.0 = MinSizeRel|x64
		{58D60537-A4D7-3952-B134-CEC270DBFA1F}.RelWithDebInfo|x64.ActiveCfg = RelWithDebInfo|x64
		{58D60537-A4D7-3952-B134-CEC270DBFA1F}.RelWithDebInfo|x64.Build.0 = RelWithDebInfo|x64
		{39873FE4-3469-30E0-95E2-39029BC4E780}.Debug|x64.ActiveCfg = Debug|x64
		{39873FE4-3469-30E0-95E2-39029BC4E780}.Debug|x64.Build.0 = Debug|x64
		{39873FE4-3469-30E0-95E2-39029BC4E780}.Release|x64.ActiveCfg = Release|x64
		{39873FE4-3469-30E0-95E2-39029BC4E780}.Release|x64.Build.0 = Release|x64
		{39873FE4-3469-30E0-95E2-39029BC4E780}.MinSizeRel|x64.ActiveCfg = MinSizeRel|x64
		{39873FE4-3469-30E0-95E2-39029BC4E780}.MinSizeRel|x64.Build.0 = MinSizeRel|x64
		{39873FE4-3469-30E0-95E2-39029BC4E780}.RelWithDebInfo|x64.ActiveCfg = RelWithDebInfo|x64
		{39873FE4-3469-30E0-95E2-39029BC4E780}.RelWithDebInfo|x64.Build.0 = RelWithDebInfo|x64
	EndGlobalSection
	GlobalSection(ExtensibilityGlobals) = postSolution
		SolutionGuid = {1115A96E-727E-39B9-B57D-690493F194C5}
	EndGlobalSection
	GlobalSection(ExtensibilityAddIns) = postSolution
	EndGlobalSection
EndGlobal
