Microsoft Visual Studio Solution File, Format Version 12.00
# Visual Studio 15
Project("{8BC9CEB8-8B4A-11D0-8D11-00A0C91BC942}") = "ALL_BUILD", "ALL_BUILD.vcxproj", "{917E47DA-EC5C-34E7-ABD1-6B8A6E886B2A}"
	ProjectSection(ProjectDependencies) = postProject
		{DD4C6029-1CC9-34BB-A56B-FC059E96D8F3} = {DD4C6029-1CC9-34BB-A56B-FC059E96D8F3}
		{39873FE4-3469-30E0-95E2-39029BC4E780} = {39873FE4-3469-30E0-95E2-39029BC4E780}
	EndProjectSection
EndProject
Project("{8BC9CEB8-8B4A-11D0-8D11-00A0C91BC942}") = "TextEditor", "TextEditor.vcxproj", "{DD4C6029-1CC9-34BB-A56B-FC059E96D8F3}"
	ProjectSection(ProjectDependencies) = postProject
		{39873FE4-3469-30E0-95E2-39029BC4E780} = {39873FE4-3469-30E0-95E2-39029BC4E780}
	EndProjectSection
EndProject
Project("{8BC9CEB8-8B4A-11D0-8D11-00A0C91BC942}") = "ZERO_CHECK", "..\\ZERO_CHECK.vcxproj", "{39873FE4-3469-30E0-95E2-39029BC4E780}"
	ProjectSection(ProjectDependencies) = postProject
	EndProjectSection
EndProject
Global
	GlobalSection(SolutionConfigurationPlatforms) = preSolution
		Debug|x64 = Debug|x64
		Release|x64 = Release|x64
		MinSizeRel|x64 = MinSizeRel|x64
		RelWithDebInfo|x64 = RelWithDebInfo|x64
	EndGlobalSection
	GlobalSection(ProjectConfigurationPlatforms) = postSolution
		{917E47DA-EC5C-34E7-ABD1-6B8A6E886B2A}.Debug|x64.ActiveCfg = Debug|x64
		{917E47DA-EC5C-34E7-ABD1-6B8A6E886B2A}.Release|x64.ActiveCfg = Release|x64
		{917E47DA-EC5C-34E7-ABD1-6B8A6E886B2A}.MinSizeRel|x64.ActiveCfg = MinSizeRel|x64
		{917E47DA-EC5C-34E7-ABD1-6B8A6E886B2A}.RelWithDebInfo|x64.ActiveCfg = RelWithDebInfo|x64
		{DD4C6029-1CC9-34BB-A56B-FC059E96D8F3}.Debug|x64.ActiveCfg = Debug|x64
		{DD4C6029-1CC9-34BB-A56B-FC059E96D8F3}.Debug|x64.Build.0 = Debug|x64
		{DD4C6029-1CC9-34BB-A56B-FC059E96D8F3}.Release|x64.ActiveCfg = Release|x64
		{DD4C6029-1CC9-34BB-A56B-FC059E96D8F3}.Release|x64.Build.0 = Release|x64
		{DD4C6029-1CC9-34BB-A56B-FC059E96D8F3}.MinSizeRel|x64.ActiveCfg = MinSizeRel|x64
		{DD4C6029-1CC9-34BB-A56B-FC059E96D8F3}.MinSizeRel|x64.Build.0 = MinSizeRel|x64
		{DD4C6029-1CC9-34BB-A56B-FC059E96D8F3}.RelWithDebInfo|x64.ActiveCfg = RelWithDebInfo|x64
		{DD4C6029-1CC9-34BB-A56B-FC059E96D8F3}.RelWithDebInfo|x64.Build.0 = RelWithDebInfo|x64
		{39873FE4-3469-30E0-95E2-39029BC4E780}.Debug|x64.ActiveCfg = Debug|x64
		{39873FE4-3469-30E0-95E2-39029BC4E780}.Debug|x64.Build.0 = Debug|x64
		{39873FE4-3469-30E0-95E2-39029BC4E780}.Release|x64.ActiveCfg = Release|x64
		{39873FE4-3469-30E0-95E2-39029BC4E780}.Release|x64.Build.0 = Release|x64
		{39873FE4-3469-30E0-95E2-39029BC4E780}.MinSizeRel|x64.ActiveCfg = MinSizeRel|x64
		{39873FE4-3469-30E0-95E2-39029BC4E780}.MinSizeRel|x64.Build.0 = MinSizeRel|x64
		{39873FE4-3469-30E0-95E2-39029BC4E780}.RelWithDebInfo|x64.ActiveCfg = RelWithDebInfo|x64
		{39873FE4-3469-30E0-95E2-39029BC4E780}.RelWithDebInfo|x64.Build.0 = RelWithDebInfo|x64
	EndGlobalSection
	GlobalSection(ExtensibilityGlobals) = postSolution
		SolutionGuid = {DE17C208-EB54-36C9-840C-11DD4D02168E}
	EndGlobalSection
	GlobalSection(ExtensibilityAddIns) = postSolution
	EndGlobalSection
EndGlobal
