Microsoft Visual Studio Solution File, Format Version 12.00
# Visual Studio 15
Project("{8BC9CEB8-8B4A-11D0-8D11-00A0C91BC942}") = "ALL_BUILD", "ALL_BUILD.vcxproj", "{917E47DA-EC5C-34E7-ABD1-6B8A6E886B2A}"
	ProjectSection(ProjectDependencies) = postProject
		{58D60537-A4D7-3952-B134-CEC270DBFA1F} = {58D60537-A4D7-3952-B134-CEC270DBFA1F}
		{39873FE4-3469-30E0-95E2-39029BC4E780} = {39873FE4-3469-30E0-95E2-39029BC4E780}
	EndProjectSection
EndProject
Project("{8BC9CEB8-8B4A-11D0-8D11-00A0C91BC942}") = "VirtualDie", "VirtualDie.vcxproj", "{58D60537-A4D7-3952-B134-CEC270DBFA1F}"
	ProjectSection(ProjectDependencies) = postProject
		{39873FE4-3469-30E0-95E2-39029BC4E780} = {39873FE4-3469-30E0-95E2-39029BC4E780}
	EndProjectSection
EndProject
Project("{8BC9CEB8-8B4A-11D0-8D11-00A0C91BC942}") = "ZERO_CHECK", "..\\ZERO_CHECK.vcxproj", "{39873FE4-3469-30E0-95E2-39029BC4E780}"
	ProjectSection(ProjectDependencies) = postProject
	EndProjectSection
EndProject
Global
	GlobalSection(SolutionConfigurationPlatforms) = preSolution
		Debug|x64 = Debug|x64
		Release|x64 = Release|x64
		MinSizeRel|x64 = MinSizeRel|x64
		RelWithDebInfo|x64 = RelWithDebInfo|x64
	EndGlobalSection
	GlobalSection(ProjectConfigurationPlatforms) = postSolution
		{917E47DA-EC5C-34E7-ABD1-6B8A6E886B2A}.Debug|x64.ActiveCfg = Debug|x64
		{917E47DA-EC5C-34E7-ABD1-6B8A6E886B2A}.Release|x64.ActiveCfg = Release|x64
		{917E47DA-EC5C-34E7-ABD1-6B8A6E886B2A}.MinSizeRel|x64.ActiveCfg = MinSizeRel|x64
		{917E47DA-EC5C-34E7-ABD1-6B8A6E886B2A}.RelWithDebInfo|x64.ActiveCfg = RelWithDebInfo|x64
		{58D60537-A4D7-3952-B134-CEC270DBFA1F}.Debug|x64.ActiveCfg = Debug|x64
		{58D60537-A4D7-3952-B134-CEC270DBFA1F}.Debug|x64.Build.0 = Debug|x64
		{58D60537-A4D7-3952-B134-CEC270DBFA1F}.Release|x64.ActiveCfg = Release|x64
		{58D60537-A4D7-3952-B134-CEC270DBFA1F}.Release|x64.Build.0 = Release|x64
		{58D60537-A4D7-3952-B134-CEC270DBFA1F}.MinSizeRel|x64.ActiveCfg = MinSizeRel|x64
		{58D60537-A4D7-3952-B134-CEC270DBFA1F}.MinSizeRel|x64.Build.0 = MinSizeRel|x64
		{58D60537-A4D7-3952-B134-CEC270DBFA1F}.RelWithDebInfo|x64.ActiveCfg = RelWithDebInfo|x64
		{58D60537-A4D7-3952-B134-CEC270DBFA1F}.RelWithDebInfo|x64.Build.0 = RelWithDebInfo|x64
		{39873FE4-3469-30E0-95E2-39029BC4E780}.Debug|x64.ActiveCfg = Debug|x64
		{39873FE4-3469-30E0-95E2-39029BC4E780}.Debug|x64.Build.0 = Debug|x64
		{39873FE4-3469-30E0-95E2-39029BC4E780}.Release|x64.ActiveCfg = Release|x64
		{39873FE4-3469-30E0-95E2-39029BC4E780}.Release|x64.Build.0 = Release|x64
		{39873FE4-3469-30E0-95E2-39029BC4E780}.MinSizeRel|x64.ActiveCfg = MinSizeRel|x64
		{39873FE4-3469-30E0-95E2-39029BC4E780}.MinSizeRel|x64.Build.0 = MinSizeRel|x64
		{39873FE4-3469-30E0-95E2-39029BC4E780}.RelWithDebInfo|x64.ActiveCfg = RelWithDebInfo|x64
		{39873FE4-3469-30E0-95E2-39029BC4E780}.RelWithDebInfo|x64.Build.0 = RelWithDebInfo|x64
	EndGlobalSection
	GlobalSection(ExtensibilityGlobals) = postSolution
		SolutionGuid = {F2A77495-B743-350F-95DA-2B64726D2DCD}
	EndGlobalSection
	GlobalSection(ExtensibilityAddIns) = postSolution
	EndGlobalSection
EndGlobal
